github.com/SafetyCulture/s12-proto/protobuf/s12proto v0.0.0-20190606023032-8f7088190a1e h1:fFOUmzqKTPm/hFgNuCIwKQj49TjDvFQonjkAZxoSGoo=
github.com/SafetyCulture/s12-proto/protobuf/s12proto v0.0.0-20190606023032-8f7088190a1e/go.mod h1:J95Q+u5v0UE/o7HMZI0YaTUsBE2Q5WdaG5VGPYAyskM=
github.com/gogo/protobuf v1.2.0 h1:xU6/SpYbvkNYiptHJYEDRseDLvYE7wSqhYYNy0QSUzI=
github.com/gogo/protobuf v1.2.0/go.mod h1:r8qH/GZQm5c6nD/R0oafs1akxWv10x8SbQlK7atdtwQ=
